
Microsoft Visual Studio Solution File, Format Version 12.00
# Visual Studio Version 17
VisualStudioVersion = 17.0.31903.59
MinimumVisualStudioVersion = 10.0.40219.1
Project("{2150E333-8FDC-42A3-9474-1A3956D46DE8}") = "src", "src", "{827E0CD3-B72D-47B6-A68D-7590B98EB39B}"
EndProject
Project("{FAE04EC0-301F-11D3-BF4B-00C04F79EFBC}") = "Lumen.Api", "src\Lumen.Api\Lumen.Api.csproj", "{61B20EA5-1781-45C0-941D-1C99C6366212}"
EndProject
Project("{FAE04EC0-301F-11D3-BF4B-00C04F79EFBC}") = "Lumen.Application", "src\Lumen.Application\Lumen.Application.csproj", "{0B3332A1-F409-45B3-B7D9-03C1D587295C}"
EndProject
Project("{FAE04EC0-301F-11D3-BF4B-00C04F79EFBC}") = "Lumen.Domain", "src\Lumen.Domain\Lumen.Domain.csproj", "{7BC7FCDC-CBE0-4D9B-8F48-23C2C82463D8}"
EndProject
Project("{FAE04EC0-301F-11D3-BF4B-00C04F79EFBC}") = "Lumen.Infrastructure", "src\Lumen.Infrastructure\Lumen.Infrastructure.csproj", "{A81B29A9-CFE3-4EB8-A8B9-A1F75F0AD0EC}"
EndProject
Project("{FAE04EC0-301F-11D3-BF4B-00C04F79EFBC}") = "Lumen.Shared", "src\Lumen.Shared\Lumen.Shared.csproj", "{20FB6BA5-2EC1-4DFD-9C4C-4A1EAD8BF97E}"
EndProject
Project("{FAE04EC0-301F-11D3-BF4B-00C04F79EFBC}") = "Lumen.UnitTests", "tests\Lumen.UnitTests\Lumen.UnitTests.csproj", "{16B2DBD3-22DE-450A-98BB-2091631A64BA}"
EndProject
Project("{FAE04EC0-301F-11D3-BF4B-00C04F79EFBC}") = "Lumen.IntegrationTests", "tests\Lumen.IntegrationTests\Lumen.IntegrationTests.csproj", "{F91D65A9-CB35-4FCB-A3A2-92250844905F}"
EndProject
Global
	GlobalSection(SolutionConfigurationPlatforms) = preSolution
		Debug|Any CPU = Debug|Any CPU
		Debug|x64 = Debug|x64
		Debug|x86 = Debug|x86
		Release|Any CPU = Release|Any CPU
		Release|x64 = Release|x64
		Release|x86 = Release|x86
	EndGlobalSection
	GlobalSection(ProjectConfigurationPlatforms) = postSolution
		{61B20EA5-1781-45C0-941D-1C99C6366212}.Debug|Any CPU.ActiveCfg = Debug|Any CPU
		{61B20EA5-1781-45C0-941D-1C99C6366212}.Debug|Any CPU.Build.0 = Debug|Any CPU
		{61B20EA5-1781-45C0-941D-1C99C6366212}.Debug|x64.ActiveCfg = Debug|Any CPU
		{61B20EA5-1781-45C0-941D-1C99C6366212}.Debug|x64.Build.0 = Debug|Any CPU
		{61B20EA5-1781-45C0-941D-1C99C6366212}.Debug|x86.ActiveCfg = Debug|Any CPU
		{61B20EA5-1781-45C0-941D-1C99C6366212}.Debug|x86.Build.0 = Debug|Any CPU
		{61B20EA5-1781-45C0-941D-1C99C6366212}.Release|Any CPU.ActiveCfg = Release|Any CPU
		{61B20EA5-1781-45C0-941D-1C99C6366212}.Release|Any CPU.Build.0 = Release|Any CPU
		{61B20EA5-1781-45C0-941D-1C99C6366212}.Release|x64.ActiveCfg = Release|Any CPU
		{61B20EA5-1781-45C0-941D-1C99C6366212}.Release|x64.Build.0 = Release|Any CPU
		{61B20EA5-1781-45C0-941D-1C99C6366212}.Release|x86.ActiveCfg = Release|Any CPU
		{61B20EA5-1781-45C0-941D-1C99C6366212}.Release|x86.Build.0 = Release|Any CPU
		{0B3332A1-F409-45B3-B7D9-03C1D587295C}.Debug|Any CPU.ActiveCfg = Debug|Any CPU
		{0B3332A1-F409-45B3-B7D9-03C1D587295C}.Debug|Any CPU.Build.0 = Debug|Any CPU
		{0B3332A1-F409-45B3-B7D9-03C1D587295C}.Debug|x64.ActiveCfg = Debug|Any CPU
		{0B3332A1-F409-45B3-B7D9-03C1D587295C}.Debug|x64.Build.0 = Debug|Any CPU
		{0B3332A1-F409-45B3-B7D9-03C1D587295C}.Debug|x86.ActiveCfg = Debug|Any CPU
		{0B3332A1-F409-45B3-B7D9-03C1D587295C}.Debug|x86.Build.0 = Debug|Any CPU
		{0B3332A1-F409-45B3-B7D9-03C1D587295C}.Release|Any CPU.ActiveCfg = Release|Any CPU
		{0B3332A1-F409-45B3-B7D9-03C1D587295C}.Release|Any CPU.Build.0 = Release|Any CPU
		{0B3332A1-F409-45B3-B7D9-03C1D587295C}.Release|x64.ActiveCfg = Release|Any CPU
		{0B3332A1-F409-45B3-B7D9-03C1D587295C}.Release|x64.Build.0 = Release|Any CPU
		{0B3332A1-F409-45B3-B7D9-03C1D587295C}.Release|x86.ActiveCfg = Release|Any CPU
		{0B3332A1-F409-45B3-B7D9-03C1D587295C}.Release|x86.Build.0 = Release|Any CPU
		{7BC7FCDC-CBE0-4D9B-8F48-23C2C82463D8}.Debug|Any CPU.ActiveCfg = Debug|Any CPU
		{7BC7FCDC-CBE0-4D9B-8F48-23C2C82463D8}.Debug|Any CPU.Build.0 = Debug|Any CPU
		{7BC7FCDC-CBE0-4D9B-8F48-23C2C82463D8}.Debug|x64.ActiveCfg = Debug|Any CPU
		{7BC7FCDC-CBE0-4D9B-8F48-23C2C82463D8}.Debug|x64.Build.0 = Debug|Any CPU
		{7BC7FCDC-CBE0-4D9B-8F48-23C2C82463D8}.Debug|x86.ActiveCfg = Debug|Any CPU
		{7BC7FCDC-CBE0-4D9B-8F48-23C2C82463D8}.Debug|x86.Build.0 = Debug|Any CPU
		{7BC7FCDC-CBE0-4D9B-8F48-23C2C82463D8}.Release|Any CPU.ActiveCfg = Release|Any CPU
		{7BC7FCDC-CBE0-4D9B-8F48-23C2C82463D8}.Release|Any CPU.Build.0 = Release|Any CPU
		{7BC7FCDC-CBE0-4D9B-8F48-23C2C82463D8}.Release|x64.ActiveCfg = Release|Any CPU
		{7BC7FCDC-CBE0-4D9B-8F48-23C2C82463D8}.Release|x64.Build.0 = Release|Any CPU
		{7BC7FCDC-CBE0-4D9B-8F48-23C2C82463D8}.Release|x86.ActiveCfg = Release|Any CPU
		{7BC7FCDC-CBE0-4D9B-8F48-23C2C82463D8}.Release|x86.Build.0 = Release|Any CPU
		{A81B29A9-CFE3-4EB8-A8B9-A1F75F0AD0EC}.Debug|Any CPU.ActiveCfg = Debug|Any CPU
		{A81B29A9-CFE3-4EB8-A8B9-A1F75F0AD0EC}.Debug|Any CPU.Build.0 = Debug|Any CPU
		{A81B29A9-CFE3-4EB8-A8B9-A1F75F0AD0EC}.Debug|x64.ActiveCfg = Debug|Any CPU
		{A81B29A9-CFE3-4EB8-A8B9-A1F75F0AD0EC}.Debug|x64.Build.0 = Debug|Any CPU
		{A81B29A9-CFE3-4EB8-A8B9-A1F75F0AD0EC}.Debug|x86.ActiveCfg = Debug|Any CPU
		{A81B29A9-CFE3-4EB8-A8B9-A1F75F0AD0EC}.Debug|x86.Build.0 = Debug|Any CPU
		{A81B29A9-CFE3-4EB8-A8B9-A1F75F0AD0EC}.Release|Any CPU.ActiveCfg = Release|Any CPU
		{A81B29A9-CFE3-4EB8-A8B9-A1F75F0AD0EC}.Release|Any CPU.Build.0 = Release|Any CPU
		{A81B29A9-CFE3-4EB8-A8B9-A1F75F0AD0EC}.Release|x64.ActiveCfg = Release|Any CPU
		{A81B29A9-CFE3-4EB8-A8B9-A1F75F0AD0EC}.Release|x64.Build.0 = Release|Any CPU
		{A81B29A9-CFE3-4EB8-A8B9-A1F75F0AD0EC}.Release|x86.ActiveCfg = Release|Any CPU
		{A81B29A9-CFE3-4EB8-A8B9-A1F75F0AD0EC}.Release|x86.Build.0 = Release|Any CPU
		{20FB6BA5-2EC1-4DFD-9C4C-4A1EAD8BF97E}.Debug|Any CPU.ActiveCfg = Debug|Any CPU
		{20FB6BA5-2EC1-4DFD-9C4C-4A1EAD8BF97E}.Debug|Any CPU.Build.0 = Debug|Any CPU
		{20FB6BA5-2EC1-4DFD-9C4C-4A1EAD8BF97E}.Debug|x64.ActiveCfg = Debug|Any CPU
		{20FB6BA5-2EC1-4DFD-9C4C-4A1EAD8BF97E}.Debug|x64.Build.0 = Debug|Any CPU
		{20FB6BA5-2EC1-4DFD-9C4C-4A1EAD8BF97E}.Debug|x86.ActiveCfg = Debug|Any CPU
		{20FB6BA5-2EC1-4DFD-9C4C-4A1EAD8BF97E}.Debug|x86.Build.0 = Debug|Any CPU
		{20FB6BA5-2EC1-4DFD-9C4C-4A1EAD8BF97E}.Release|Any CPU.ActiveCfg = Release|Any CPU
		{20FB6BA5-2EC1-4DFD-9C4C-4A1EAD8BF97E}.Release|Any CPU.Build.0 = Release|Any CPU
		{20FB6BA5-2EC1-4DFD-9C4C-4A1EAD8BF97E}.Release|x64.ActiveCfg = Release|Any CPU
		{20FB6BA5-2EC1-4DFD-9C4C-4A1EAD8BF97E}.Release|x64.Build.0 = Release|Any CPU
		{20FB6BA5-2EC1-4DFD-9C4C-4A1EAD8BF97E}.Release|x86.ActiveCfg = Release|Any CPU
		{20FB6BA5-2EC1-4DFD-9C4C-4A1EAD8BF97E}.Release|x86.Build.0 = Release|Any CPU
		{16B2DBD3-22DE-450A-98BB-2091631A64BA}.Debug|Any CPU.ActiveCfg = Debug|Any CPU
		{16B2DBD3-22DE-450A-98BB-2091631A64BA}.Debug|Any CPU.Build.0 = Debug|Any CPU
		{16B2DBD3-22DE-450A-98BB-2091631A64BA}.Debug|x64.ActiveCfg = Debug|Any CPU
		{16B2DBD3-22DE-450A-98BB-2091631A64BA}.Debug|x64.Build.0 = Debug|Any CPU
		{16B2DBD3-22DE-450A-98BB-2091631A64BA}.Debug|x86.ActiveCfg = Debug|Any CPU
		{16B2DBD3-22DE-450A-98BB-2091631A64BA}.Debug|x86.Build.0 = Debug|Any CPU
		{16B2DBD3-22DE-450A-98BB-2091631A64BA}.Release|Any CPU.ActiveCfg = Release|Any CPU
		{16B2DBD3-22DE-450A-98BB-2091631A64BA}.Release|Any CPU.Build.0 = Release|Any CPU
		{16B2DBD3-22DE-450A-98BB-2091631A64BA}.Release|x64.ActiveCfg = Release|Any CPU
		{16B2DBD3-22DE-450A-98BB-2091631A64BA}.Release|x64.Build.0 = Release|Any CPU
		{16B2DBD3-22DE-450A-98BB-2091631A64BA}.Release|x86.ActiveCfg = Release|Any CPU
		{16B2DBD3-22DE-450A-98BB-2091631A64BA}.Release|x86.Build.0 = Release|Any CPU
		{F91D65A9-CB35-4FCB-A3A2-92250844905F}.Debug|Any CPU.ActiveCfg = Debug|Any CPU
		{F91D65A9-CB35-4FCB-A3A2-92250844905F}.Debug|Any CPU.Build.0 = Debug|Any CPU
		{F91D65A9-CB35-4FCB-A3A2-92250844905F}.Debug|x64.ActiveCfg = Debug|Any CPU
		{F91D65A9-CB35-4FCB-A3A2-92250844905F}.Debug|x64.Build.0 = Debug|Any CPU
		{F91D65A9-CB35-4FCB-A3A2-92250844905F}.Debug|x86.ActiveCfg = Debug|Any CPU
		{F91D65A9-CB35-4FCB-A3A2-92250844905F}.Debug|x86.Build.0 = Debug|Any CPU
		{F91D65A9-CB35-4FCB-A3A2-92250844905F}.Release|Any CPU.ActiveCfg = Release|Any CPU
		{F91D65A9-CB35-4FCB-A3A2-92250844905F}.Release|Any CPU.Build.0 = Release|Any CPU
		{F91D65A9-CB35-4FCB-A3A2-92250844905F}.Release|x64.ActiveCfg = Release|Any CPU
		{F91D65A9-CB35-4FCB-A3A2-92250844905F}.Release|x64.Build.0 = Release|Any CPU
		{F91D65A9-CB35-4FCB-A3A2-92250844905F}.Release|x86.ActiveCfg = Release|Any CPU
		{F91D65A9-CB35-4FCB-A3A2-92250844905F}.Release|x86.Build.0 = Release|Any CPU
	EndGlobalSection
	GlobalSection(SolutionProperties) = preSolution
		HideSolutionNode = FALSE
	EndGlobalSection
	GlobalSection(NestedProjects) = preSolution
		{61B20EA5-1781-45C0-941D-1C99C6366212} = {827E0CD3-B72D-47B6-A68D-7590B98EB39B}
		{0B3332A1-F409-45B3-B7D9-03C1D587295C} = {827E0CD3-B72D-47B6-A68D-7590B98EB39B}
		{7BC7FCDC-CBE0-4D9B-8F48-23C2C82463D8} = {827E0CD3-B72D-47B6-A68D-7590B98EB39B}
		{A81B29A9-CFE3-4EB8-A8B9-A1F75F0AD0EC} = {827E0CD3-B72D-47B6-A68D-7590B98EB39B}
		{20FB6BA5-2EC1-4DFD-9C4C-4A1EAD8BF97E} = {827E0CD3-B72D-47B6-A68D-7590B98EB39B}
		{16B2DBD3-22DE-450A-98BB-2091631A64BA} = {827E0CD3-B72D-47B6-A68D-7590B98EB39B}
		{F91D65A9-CB35-4FCB-A3A2-92250844905F} = {827E0CD3-B72D-47B6-A68D-7590B98EB39B}
	EndGlobalSection
EndGlobal
